
Microsoft Visual Studio Solution File, Format Version 12.00
# Visual Studio Version 17
VisualStudioVersion = 17.0.32014.148
MinimumVisualStudioVersion = 10.0.40219.1
Project("{2150E333-8FDC-42A3-9474-1A3956D46DE8}") = "doc", "doc", "{C018E189-A7CC-4DFD-BBFE-D2D1C85EC855}"
	ProjectSection(SolutionItems) = preProject
		git사용법.txt = git사용법.txt
	EndProjectSection
EndProject
Global
	GlobalSection(SolutionProperties) = preSolution
		HideSolutionNode = FALSE
	EndGlobalSection
	GlobalSection(ExtensibilityGlobals) = postSolution
		SolutionGuid = {23C7FC37-DAA4-4608-8DBE-DA9B2CDFE7F5}
	EndGlobalSection
EndGlobal
